// !$*UTF8*$!
{
	archiveVersion = 1;
	classes = {
	};
	objectVersion = 46;
	objects = {

/* Begin PBXBuildFile section */
		D3B6C3DABB21791063208EB9 /* libPods-LetsGoPlaces.a in Frameworks */ = {isa = PBXBuildFile; fileRef = 974E1F13467F70999C25DC21 /* libPods-LetsGoPlaces.a */; };
		EA91CC7E1B654493003A1284 /* LGViewController.m in Sources */ = {isa = PBXBuildFile; fileRef = EA91CC7D1B654493003A1284 /* LGViewController.m */; };
		EAA3FE361B61EC970020CA5B /* main.m in Sources */ = {isa = PBXBuildFile; fileRef = EAA3FE351B61EC970020CA5B /* main.m */; };
		EAA3FE391B61EC970020CA5B /* AppDelegate.m in Sources */ = {isa = PBXBuildFile; fileRef = EAA3FE381B61EC970020CA5B /* AppDelegate.m */; };
		EAA3FE3C1B61EC970020CA5B /* SearchPlaceViewController.m in Sources */ = {isa = PBXBuildFile; fileRef = EAA3FE3B1B61EC970020CA5B /* SearchPlaceViewController.m */; };
		EAA3FE411B61EC970020CA5B /* Images.xcassets in Resources */ = {isa = PBXBuildFile; fileRef = EAA3FE401B61EC970020CA5B /* Images.xcassets */; };
		EAA3FE441B61EC970020CA5B /* LaunchScreen.xib in Resources */ = {isa = PBXBuildFile; fileRef = EAA3FE421B61EC970020CA5B /* LaunchScreen.xib */; };
		EAA3FE501B61EC970020CA5B /* LetsGoPlacesTests.m in Sources */ = {isa = PBXBuildFile; fileRef = EAA3FE4F1B61EC970020CA5B /* LetsGoPlacesTests.m */; };
		EAA44CB21B621C8400678254 /* GooglePlacesRequestManager.m in Sources */ = {isa = PBXBuildFile; fileRef = EAA44CB11B621C8400678254 /* GooglePlacesRequestManager.m */; };
		EAA4D5271B6375B100F51835 /* PlaceDetailsViewController.m in Sources */ = {isa = PBXBuildFile; fileRef = EAA4D5261B6375B100F51835 /* PlaceDetailsViewController.m */; };
		EAAED3FA1B62126E005FB540 /* PlacesTableViewController.m in Sources */ = {isa = PBXBuildFile; fileRef = EAAED3F91B62126E005FB540 /* PlacesTableViewController.m */; };
		EADF4F211B63474400F84ACB /* PlaceAutoCompleteSerializer.m in Sources */ = {isa = PBXBuildFile; fileRef = EADF4F201B63474400F84ACB /* PlaceAutoCompleteSerializer.m */; };
		EADF4F241B6347AC00F84ACB /* Place.m in Sources */ = {isa = PBXBuildFile; fileRef = EADF4F231B6347AC00F84ACB /* Place.m */; };
		EADF4F271B63629F00F84ACB /* PlaceDetailsSerializer.m in Sources */ = {isa = PBXBuildFile; fileRef = EADF4F261B63629F00F84ACB /* PlaceDetailsSerializer.m */; };
		EADF4F2A1B63641400F84ACB /* GooglePlacesResponseSerializer.m in Sources */ = {isa = PBXBuildFile; fileRef = EADF4F291B63641400F84ACB /* GooglePlacesResponseSerializer.m */; };
/* End PBXBuildFile section */

/* Begin PBXContainerItemProxy section */
		EAA3FE4A1B61EC970020CA5B /* PBXContainerItemProxy */ = {
			isa = PBXContainerItemProxy;
			containerPortal = EAA3FE281B61EC970020CA5B /* Project object */;
			proxyType = 1;
			remoteGlobalIDString = EAA3FE2F1B61EC970020CA5B;
			remoteInfo = LetsGoPlaces;
		};
/* End PBXContainerItemProxy section */

/* Begin PBXFileReference section */
		3AB4141FC338D4DC5399486A /* Pods-LetsGoPlaces.release.xcconfig */ = {isa = PBXFileReference; includeInIndex = 1; lastKnownFileType = text.xcconfig; name = "Pods-LetsGoPlaces.release.xcconfig"; path = "Pods/Target Support Files/Pods-LetsGoPlaces/Pods-LetsGoPlaces.release.xcconfig"; sourceTree = "<group>"; };
		974E1F13467F70999C25DC21 /* libPods-LetsGoPlaces.a */ = {isa = PBXFileReference; explicitFileType = archive.ar; includeInIndex = 0; path = "libPods-LetsGoPlaces.a"; sourceTree = BUILT_PRODUCTS_DIR; };
		EA91CC7C1B654493003A1284 /* LGViewController.h */ = {isa = PBXFileReference; fileEncoding = 4; lastKnownFileType = sourcecode.c.h; path = LGViewController.h; sourceTree = "<group>"; };
		EA91CC7D1B654493003A1284 /* LGViewController.m */ = {isa = PBXFileReference; fileEncoding = 4; lastKnownFileType = sourcecode.c.objc; path = LGViewController.m; sourceTree = "<group>"; };
		EAA3FE301B61EC970020CA5B /* LetsGoPlaces.app */ = {isa = PBXFileReference; explicitFileType = wrapper.application; includeInIndex = 0; path = LetsGoPlaces.app; sourceTree = BUILT_PRODUCTS_DIR; };
		EAA3FE341B61EC970020CA5B /* Info.plist */ = {isa = PBXFileReference; lastKnownFileType = text.plist.xml; path = Info.plist; sourceTree = "<group>"; };
		EAA3FE351B61EC970020CA5B /* main.m */ = {isa = PBXFileReference; lastKnownFileType = sourcecode.c.objc; path = main.m; sourceTree = "<group>"; };
		EAA3FE371B61EC970020CA5B /* AppDelegate.h */ = {isa = PBXFileReference; lastKnownFileType = sourcecode.c.h; path = AppDelegate.h; sourceTree = "<group>"; };
		EAA3FE381B61EC970020CA5B /* AppDelegate.m */ = {isa = PBXFileReference; lastKnownFileType = sourcecode.c.objc; path = AppDelegate.m; sourceTree = "<group>"; };
		EAA3FE3A1B61EC970020CA5B /* SearchPlaceViewController.h */ = {isa = PBXFileReference; lastKnownFileType = sourcecode.c.h; path = SearchPlaceViewController.h; sourceTree = "<group>"; };
		EAA3FE3B1B61EC970020CA5B /* SearchPlaceViewController.m */ = {isa = PBXFileReference; lastKnownFileType = sourcecode.c.objc; path = SearchPlaceViewController.m; sourceTree = "<group>"; };
		EAA3FE401B61EC970020CA5B /* Images.xcassets */ = {isa = PBXFileReference; lastKnownFileType = folder.assetcatalog; path = Images.xcassets; sourceTree = "<group>"; };
		EAA3FE431B61EC970020CA5B /* Base */ = {isa = PBXFileReference; lastKnownFileType = file.xib; name = Base; path = Base.lproj/LaunchScreen.xib; sourceTree = "<group>"; };
		EAA3FE491B61EC970020CA5B /* LetsGoPlacesTests.xctest */ = {isa = PBXFileReference; explicitFileType = wrapper.cfbundle; includeInIndex = 0; path = LetsGoPlacesTests.xctest; sourceTree = BUILT_PRODUCTS_DIR; };
		EAA3FE4E1B61EC970020CA5B /* Info.plist */ = {isa = PBXFileReference; lastKnownFileType = text.plist.xml; path = Info.plist; sourceTree = "<group>"; };
		EAA3FE4F1B61EC970020CA5B /* LetsGoPlacesTests.m */ = {isa = PBXFileReference; lastKnownFileType = sourcecode.c.objc; path = LetsGoPlacesTests.m; sourceTree = "<group>"; };
		EAA44CB01B621C8400678254 /* GooglePlacesRequestManager.h */ = {isa = PBXFileReference; fileEncoding = 4; lastKnownFileType = sourcecode.c.h; path = GooglePlacesRequestManager.h; sourceTree = "<group>"; };
		EAA44CB11B621C8400678254 /* GooglePlacesRequestManager.m */ = {isa = PBXFileReference; fileEncoding = 4; lastKnownFileType = sourcecode.c.objc; path = GooglePlacesRequestManager.m; sourceTree = "<group>"; };
		EAA4D5251B6375B100F51835 /* PlaceDetailsViewController.h */ = {isa = PBXFileReference; fileEncoding = 4; lastKnownFileType = sourcecode.c.h; path = PlaceDetailsViewController.h; sourceTree = "<group>"; };
		EAA4D5261B6375B100F51835 /* PlaceDetailsViewController.m */ = {isa = PBXFileReference; fileEncoding = 4; lastKnownFileType = sourcecode.c.objc; path = PlaceDetailsViewController.m; sourceTree = "<group>"; };
		EAAED3F81B62126E005FB540 /* PlacesTableViewController.h */ = {isa = PBXFileReference; fileEncoding = 4; lastKnownFileType = sourcecode.c.h; path = PlacesTableViewController.h; sourceTree = "<group>"; };
		EAAED3F91B62126E005FB540 /* PlacesTableViewController.m */ = {isa = PBXFileReference; fileEncoding = 4; lastKnownFileType = sourcecode.c.objc; path = PlacesTableViewController.m; sourceTree = "<group>"; };
		EADF4F1F1B63474400F84ACB /* PlaceAutoCompleteSerializer.h */ = {isa = PBXFileReference; fileEncoding = 4; lastKnownFileType = sourcecode.c.h; path = PlaceAutoCompleteSerializer.h; sourceTree = "<group>"; };
		EADF4F201B63474400F84ACB /* PlaceAutoCompleteSerializer.m */ = {isa = PBXFileReference; fileEncoding = 4; lastKnownFileType = sourcecode.c.objc; path = PlaceAutoCompleteSerializer.m; sourceTree = "<group>"; };
		EADF4F221B6347AC00F84ACB /* Place.h */ = {isa = PBXFileReference; fileEncoding = 4; lastKnownFileType = sourcecode.c.h; path = Place.h; sourceTree = "<group>"; };
		EADF4F231B6347AC00F84ACB /* Place.m */ = {isa = PBXFileReference; fileEncoding = 4; lastKnownFileType = sourcecode.c.objc; path = Place.m; sourceTree = "<group>"; };
		EADF4F251B63629F00F84ACB /* PlaceDetailsSerializer.h */ = {isa = PBXFileReference; fileEncoding = 4; lastKnownFileType = sourcecode.c.h; path = PlaceDetailsSerializer.h; sourceTree = "<group>"; };
		EADF4F261B63629F00F84ACB /* PlaceDetailsSerializer.m */ = {isa = PBXFileReference; fileEncoding = 4; lastKnownFileType = sourcecode.c.objc; path = PlaceDetailsSerializer.m; sourceTree = "<group>"; };
		EADF4F281B63641400F84ACB /* GooglePlacesResponseSerializer.h */ = {isa = PBXFileReference; fileEncoding = 4; lastKnownFileType = sourcecode.c.h; path = GooglePlacesResponseSerializer.h; sourceTree = "<group>"; };
		EADF4F291B63641400F84ACB /* GooglePlacesResponseSerializer.m */ = {isa = PBXFileReference; fileEncoding = 4; lastKnownFileType = sourcecode.c.objc; path = GooglePlacesResponseSerializer.m; sourceTree = "<group>"; };
		FE49F65A30CD0B734BEDED01 /* Pods-LetsGoPlaces.debug.xcconfig */ = {isa = PBXFileReference; includeInIndex = 1; lastKnownFileType = text.xcconfig; name = "Pods-LetsGoPlaces.debug.xcconfig"; path = "Pods/Target Support Files/Pods-LetsGoPlaces/Pods-LetsGoPlaces.debug.xcconfig"; sourceTree = "<group>"; };
/* End PBXFileReference section */

/* Begin PBXFrameworksBuildPhase section */
		EAA3FE2D1B61EC970020CA5B /* Frameworks */ = {
			isa = PBXFrameworksBuildPhase;
			buildActionMask = 2147483647;
			files = (
				D3B6C3DABB21791063208EB9 /* libPods-LetsGoPlaces.a in Frameworks */,
			);
			runOnlyForDeploymentPostprocessing = 0;
		};
		EAA3FE461B61EC970020CA5B /* Frameworks */ = {
			isa = PBXFrameworksBuildPhase;
			buildActionMask = 2147483647;
			files = (
			);
			runOnlyForDeploymentPostprocessing = 0;
		};
/* End PBXFrameworksBuildPhase section */

/* Begin PBXGroup section */
		8D1B930D0E69F59D9DA9F0ED /* Frameworks */ = {
			isa = PBXGroup;
			children = (
				974E1F13467F70999C25DC21 /* libPods-LetsGoPlaces.a */,
			);
			name = Frameworks;
			sourceTree = "<group>";
		};
		A9C6B364CFE520EDFECC871E /* Pods */ = {
			isa = PBXGroup;
			children = (
				FE49F65A30CD0B734BEDED01 /* Pods-LetsGoPlaces.debug.xcconfig */,
				3AB4141FC338D4DC5399486A /* Pods-LetsGoPlaces.release.xcconfig */,
			);
			name = Pods;
			sourceTree = "<group>";
		};
		EAA3FE271B61EC970020CA5B = {
			isa = PBXGroup;
			children = (
				EAA3FE321B61EC970020CA5B /* LetsGoPlaces */,
				EAA3FE4C1B61EC970020CA5B /* LetsGoPlacesTests */,
				EAA3FE311B61EC970020CA5B /* Products */,
				A9C6B364CFE520EDFECC871E /* Pods */,
				8D1B930D0E69F59D9DA9F0ED /* Frameworks */,
			);
			sourceTree = "<group>";
		};
		EAA3FE311B61EC970020CA5B /* Products */ = {
			isa = PBXGroup;
			children = (
				EAA3FE301B61EC970020CA5B /* LetsGoPlaces.app */,
				EAA3FE491B61EC970020CA5B /* LetsGoPlacesTests.xctest */,
			);
			name = Products;
			sourceTree = "<group>";
		};
		EAA3FE321B61EC970020CA5B /* LetsGoPlaces */ = {
			isa = PBXGroup;
			children = (
				EAA3FE371B61EC970020CA5B /* AppDelegate.h */,
				EAA3FE381B61EC970020CA5B /* AppDelegate.m */,
				EA91CC7C1B654493003A1284 /* LGViewController.h */,
				EA91CC7D1B654493003A1284 /* LGViewController.m */,
				EAA3FE3A1B61EC970020CA5B /* SearchPlaceViewController.h */,
				EAA3FE3B1B61EC970020CA5B /* SearchPlaceViewController.m */,
				EAAED3F81B62126E005FB540 /* PlacesTableViewController.h */,
				EAAED3F91B62126E005FB540 /* PlacesTableViewController.m */,
				EAA44CB01B621C8400678254 /* GooglePlacesRequestManager.h */,
				EAA44CB11B621C8400678254 /* GooglePlacesRequestManager.m */,
				EAA3FE401B61EC970020CA5B /* Images.xcassets */,
				EAA3FE421B61EC970020CA5B /* LaunchScreen.xib */,
				EAA3FE331B61EC970020CA5B /* Supporting Files */,
				EADF4F221B6347AC00F84ACB /* Place.h */,
				EADF4F231B6347AC00F84ACB /* Place.m */,
				EADF4F1F1B63474400F84ACB /* PlaceAutoCompleteSerializer.h */,
				EADF4F201B63474400F84ACB /* PlaceAutoCompleteSerializer.m */,
				EADF4F251B63629F00F84ACB /* PlaceDetailsSerializer.h */,
				EADF4F261B63629F00F84ACB /* PlaceDetailsSerializer.m */,
				EADF4F281B63641400F84ACB /* GooglePlacesResponseSerializer.h */,
				EADF4F291B63641400F84ACB /* GooglePlacesResponseSerializer.m */,
				EAA4D5251B6375B100F51835 /* PlaceDetailsViewController.h */,
				EAA4D5261B6375B100F51835 /* PlaceDetailsViewController.m */,
			);
			path = LetsGoPlaces;
			sourceTree = "<group>";
		};
		EAA3FE331B61EC970020CA5B /* Supporting Files */ = {
			isa = PBXGroup;
			children = (
				EAA3FE341B61EC970020CA5B /* Info.plist */,
				EAA3FE351B61EC970020CA5B /* main.m */,
			);
			name = "Supporting Files";
			sourceTree = "<group>";
		};
		EAA3FE4C1B61EC970020CA5B /* LetsGoPlacesTests */ = {
			isa = PBXGroup;
			children = (
				EAA3FE4F1B61EC970020CA5B /* LetsGoPlacesTests.m */,
				EAA3FE4D1B61EC970020CA5B /* Supporting Files */,
			);
			path = LetsGoPlacesTests;
			sourceTree = "<group>";
		};
		EAA3FE4D1B61EC970020CA5B /* Supporting Files */ = {
			isa = PBXGroup;
			children = (
				EAA3FE4E1B61EC970020CA5B /* Info.plist */,
			);
			name = "Supporting Files";
			sourceTree = "<group>";
		};
/* End PBXGroup section */

/* Begin PBXNativeTarget section */
		EAA3FE2F1B61EC970020CA5B /* LetsGoPlaces */ = {
			isa = PBXNativeTarget;
			buildConfigurationList = EAA3FE531B61EC970020CA5B /* Build configuration list for PBXNativeTarget "LetsGoPlaces" */;
			buildPhases = (
				D89B148050923BB7943DD798 /* Check Pods Manifest.lock */,
				EAA3FE2C1B61EC970020CA5B /* Sources */,
				EAA3FE2D1B61EC970020CA5B /* Frameworks */,
				EAA3FE2E1B61EC970020CA5B /* Resources */,
				E78526872F6B2550EDF91A14 /* Copy Pods Resources */,
			);
			buildRules = (
			);
			dependencies = (
			);
			name = LetsGoPlaces;
			productName = LetsGoPlaces;
			productReference = EAA3FE301B61EC970020CA5B /* LetsGoPlaces.app */;
			productType = "com.apple.product-type.application";
		};
		EAA3FE481B61EC970020CA5B /* LetsGoPlacesTests */ = {
			isa = PBXNativeTarget;
			buildConfigurationList = EAA3FE561B61EC970020CA5B /* Build configuration list for PBXNativeTarget "LetsGoPlacesTests" */;
			buildPhases = (
				EAA3FE451B61EC970020CA5B /* Sources */,
				EAA3FE461B61EC970020CA5B /* Frameworks */,
				EAA3FE471B61EC970020CA5B /* Resources */,
			);
			buildRules = (
			);
			dependencies = (
				EAA3FE4B1B61EC970020CA5B /* PBXTargetDependency */,
			);
			name = LetsGoPlacesTests;
			productName = LetsGoPlacesTests;
			productReference = EAA3FE491B61EC970020CA5B /* LetsGoPlacesTests.xctest */;
			productType = "com.apple.product-type.bundle.unit-test";
		};
/* End PBXNativeTarget section */

/* Begin PBXProject section */
		EAA3FE281B61EC970020CA5B /* Project object */ = {
			isa = PBXProject;
			attributes = {
				LastUpgradeCheck = 0640;
				ORGANIZATIONNAME = "Yi-Wei Wu";
				TargetAttributes = {
					EAA3FE2F1B61EC970020CA5B = {
						CreatedOnToolsVersion = 6.4;
					};
					EAA3FE481B61EC970020CA5B = {
						CreatedOnToolsVersion = 6.4;
						TestTargetID = EAA3FE2F1B61EC970020CA5B;
					};
				};
			};
			buildConfigurationList = EAA3FE2B1B61EC970020CA5B /* Build configuration list for PBXProject "LetsGoPlaces" */;
			compatibilityVersion = "Xcode 3.2";
			developmentRegion = English;
			hasScannedForEncodings = 0;
			knownRegions = (
				en,
				Base,
			);
			mainGroup = EAA3FE271B61EC970020CA5B;
			productRefGroup = EAA3FE311B61EC970020CA5B /* Products */;
			projectDirPath = "";
			projectRoot = "";
			targets = (
				EAA3FE2F1B61EC970020CA5B /* LetsGoPlaces */,
				EAA3FE481B61EC970020CA5B /* LetsGoPlacesTests */,
			);
		};
/* End PBXProject section */

/* Begin PBXResourcesBuildPhase section */
		EAA3FE2E1B61EC970020CA5B /* Resources */ = {
			isa = PBXResourcesBuildPhase;
			buildActionMask = 2147483647;
			files = (
				EAA3FE441B61EC970020CA5B /* LaunchScreen.xib in Resources */,
				EAA3FE411B61EC970020CA5B /* Images.xcassets in Resources */,
			);
			runOnlyForDeploymentPostprocessing = 0;
		};
		EAA3FE471B61EC970020CA5B /* Resources */ = {
			isa = PBXResourcesBuildPhase;
			buildActionMask = 2147483647;
			files = (
			);
			runOnlyForDeploymentPostprocessing = 0;
		};
/* End PBXResourcesBuildPhase section */

/* Begin PBXShellScriptBuildPhase section */
		D89B148050923BB7943DD798 /* Check Pods Manifest.lock */ = {
			isa = PBXShellScriptBuildPhase;
			buildActionMask = 2147483647;
			files = (
			);
			inputPaths = (
			);
			name = "Check Pods Manifest.lock";
			outputPaths = (
			);
			runOnlyForDeploymentPostprocessing = 0;
			shellPath = /bin/sh;
			shellScript = "diff \"${PODS_ROOT}/../Podfile.lock\" \"${PODS_ROOT}/Manifest.lock\" > /dev/null\nif [[ $? != 0 ]] ; then\n    cat << EOM\nerror: The sandbox is not in sync with the Podfile.lock. Run 'pod install' or update your CocoaPods installation.\nEOM\n    exit 1\nfi\n";
			showEnvVarsInLog = 0;
		};
		E78526872F6B2550EDF91A14 /* Copy Pods Resources */ = {
			isa = PBXShellScriptBuildPhase;
			buildActionMask = 2147483647;
			files = (
			);
			inputPaths = (
			);
			name = "Copy Pods Resources";
			outputPaths = (
			);
			runOnlyForDeploymentPostprocessing = 0;
			shellPath = /bin/sh;
			shellScript = "\"${SRCROOT}/Pods/Target Support Files/Pods-LetsGoPlaces/Pods-LetsGoPlaces-resources.sh\"\n";
			showEnvVarsInLog = 0;
		};
/* End PBXShellScriptBuildPhase section */

/* Begin PBXSourcesBuildPhase section */
		EAA3FE2C1B61EC970020CA5B /* Sources */ = {
			isa = PBXSourcesBuildPhase;
			buildActionMask = 2147483647;
			files = (
				EADF4F271B63629F00F84ACB /* PlaceDetailsSerializer.m in Sources */,
				EAA3FE3C1B61EC970020CA5B /* SearchPlaceViewController.m in Sources */,
				EADF4F211B63474400F84ACB /* PlaceAutoCompleteSerializer.m in Sources */,
				EADF4F241B6347AC00F84ACB /* Place.m in Sources */,
				EADF4F2A1B63641400F84ACB /* GooglePlacesResponseSerializer.m in Sources */,
				EAA4D5271B6375B100F51835 /* PlaceDetailsViewController.m in Sources */,
				EA91CC7E1B654493003A1284 /* LGViewController.m in Sources */,
				EAAED3FA1B62126E005FB540 /* PlacesTableViewController.m in Sources */,
				EAA3FE391B61EC970020CA5B /* AppDelegate.m in Sources */,
				EAA44CB21B621C8400678254 /* GooglePlacesRequestManager.m in Sources */,
				EAA3FE361B61EC970020CA5B /* main.m in Sources */,
			);
			runOnlyForDeploymentPostprocessing = 0;
		};
		EAA3FE451B61EC970020CA5B /* Sources */ = {
			isa = PBXSourcesBuildPhase;
			buildActionMask = 2147483647;
			files = (
				EAA3FE501B61EC970020CA5B /* LetsGoPlacesTests.m in Sources */,
			);
			runOnlyForDeploymentPostprocessing = 0;
		};
/* End PBXSourcesBuildPhase section */

/* Begin PBXTargetDependency section */
		EAA3FE4B1B61EC970020CA5B /* PBXTargetDependency */ = {
			isa = PBXTargetDependency;
			target = EAA3FE2F1B61EC970020CA5B /* LetsGoPlaces */;
			targetProxy = EAA3FE4A1B61EC970020CA5B /* PBXContainerItemProxy */;
		};
/* End PBXTargetDependency section */

/* Begin PBXVariantGroup section */
		EAA3FE421B61EC970020CA5B /* LaunchScreen.xib */ = {
			isa = PBXVariantGroup;
			children = (
				EAA3FE431B61EC970020CA5B /* Base */,
			);
			name = LaunchScreen.xib;
			sourceTree = "<group>";
		};
/* End PBXVariantGroup section */

/* Begin XCBuildConfiguration section */
		EAA3FE511B61EC970020CA5B /* Debug */ = {
			isa = XCBuildConfiguration;
			buildSettings = {
				ALWAYS_SEARCH_USER_PATHS = NO;
				CLANG_CXX_LANGUAGE_STANDARD = "gnu++0x";
				CLANG_CXX_LIBRARY = "libc++";
				CLANG_ENABLE_MODULES = YES;
				CLANG_ENABLE_OBJC_ARC = YES;
				CLANG_WARN_BOOL_CONVERSION = YES;
				CLANG_WARN_CONSTANT_CONVERSION = YES;
				CLANG_WARN_DIRECT_OBJC_ISA_USAGE = YES_ERROR;
				CLANG_WARN_EMPTY_BODY = YES;
				CLANG_WARN_ENUM_CONVERSION = YES;
				CLANG_WARN_INT_CONVERSION = YES;
				CLANG_WARN_OBJC_ROOT_CLASS = YES_ERROR;
				CLANG_WARN_UNREACHABLE_CODE = YES;
				CLANG_WARN__DUPLICATE_METHOD_MATCH = YES;
				"CODE_SIGN_IDENTITY[sdk=iphoneos*]" = "iPhone Developer";
				COPY_PHASE_STRIP = NO;
				DEBUG_INFORMATION_FORMAT = "dwarf-with-dsym";
				ENABLE_STRICT_OBJC_MSGSEND = YES;
				GCC_C_LANGUAGE_STANDARD = gnu99;
				GCC_DYNAMIC_NO_PIC = NO;
				GCC_NO_COMMON_BLOCKS = YES;
				GCC_OPTIMIZATION_LEVEL = 0;
				GCC_PREPROCESSOR_DEFINITIONS = (
					"DEBUG=1",
					"$(inherited)",
				);
				GCC_SYMBOLS_PRIVATE_EXTERN = NO;
				GCC_WARN_64_TO_32_BIT_CONVERSION = YES;
				GCC_WARN_ABOUT_RETURN_TYPE = YES_ERROR;
				GCC_WARN_UNDECLARED_SELECTOR = YES;
				GCC_WARN_UNINITIALIZED_AUTOS = YES_AGGRESSIVE;
				GCC_WARN_UNUSED_FUNCTION = YES;
				GCC_WARN_UNUSED_VARIABLE = YES;
				IPHONEOS_DEPLOYMENT_TARGET = 8.4;
				MTL_ENABLE_DEBUG_INFO = YES;
				ONLY_ACTIVE_ARCH = YES;
				SDKROOT = iphoneos;
			};
			name = Debug;
		};
		EAA3FE521B61EC970020CA5B /* Release */ = {
			isa = XCBuildConfiguration;
			buildSettings = {
				ALWAYS_SEARCH_USER_PATHS = NO;
				CLANG_CXX_LANGUAGE_STANDARD = "gnu++0x";
				CLANG_CXX_LIBRARY = "libc++";
				CLANG_ENABLE_MODULES = YES;
				CLANG_ENABLE_OBJC_ARC = YES;
				CLANG_WARN_BOOL_CONVERSION = YES;
				CLANG_WARN_CONSTANT_CONVERSION = YES;
				CLANG_WARN_DIRECT_OBJC_ISA_USAGE = YES_ERROR;
				CLANG_WARN_EMPTY_BODY = YES;
				CLANG_WARN_ENUM_CONVERSION = YES;
				CLANG_WARN_INT_CONVERSION = YES;
				CLANG_WARN_OBJC_ROOT_CLASS = YES_ERROR;
				CLANG_WARN_UNREACHABLE_CODE = YES;
				CLANG_WARN__DUPLICATE_METHOD_MATCH = YES;
				"CODE_SIGN_IDENTITY[sdk=iphoneos*]" = "iPhone Developer";
				COPY_PHASE_STRIP = NO;
				DEBUG_INFORMATION_FORMAT = "dwarf-with-dsym";
				ENABLE_NS_ASSERTIONS = NO;
				ENABLE_STRICT_OBJC_MSGSEND = YES;
				GCC_C_LANGUAGE_STANDARD = gnu99;
				GCC_NO_COMMON_BLOCKS = YES;
				GCC_WARN_64_TO_32_BIT_CONVERSION = YES;
				GCC_WARN_ABOUT_RETURN_TYPE = YES_ERROR;
				GCC_WARN_UNDECLARED_SELECTOR = YES;
				GCC_WARN_UNINITIALIZED_AUTOS = YES_AGGRESSIVE;
				GCC_WARN_UNUSED_FUNCTION = YES;
				GCC_WARN_UNUSED_VARIABLE = YES;
				IPHONEOS_DEPLOYMENT_TARGET = 8.4;
				MTL_ENABLE_DEBUG_INFO = NO;
				SDKROOT = iphoneos;
				VALIDATE_PRODUCT = YES;
			};
			name = Release;
		};
		EAA3FE541B61EC970020CA5B /* Debug */ = {
			isa = XCBuildConfiguration;
			baseConfigurationReference = FE49F65A30CD0B734BEDED01 /* Pods-LetsGoPlaces.debug.xcconfig */;
			buildSettings = {
				ASSETCATALOG_COMPILER_APPICON_NAME = AppIcon;
				INFOPLIST_FILE = LetsGoPlaces/Info.plist;
				LD_RUNPATH_SEARCH_PATHS = "$(inherited) @executable_path/Frameworks";
				PRODUCT_NAME = "$(TARGET_NAME)";
			};
			name = Debug;
		};
		EAA3FE551B61EC970020CA5B /* Release */ = {
			isa = XCBuildConfiguration;
			baseConfigurationReference = 3AB4141FC338D4DC5399486A /* Pods-LetsGoPlaces.release.xcconfig */;
			buildSettings = {
				ASSETCATALOG_COMPILER_APPICON_NAME = AppIcon;
				INFOPLIST_FILE = LetsGoPlaces/Info.plist;
				LD_RUNPATH_SEARCH_PATHS = "$(inherited) @executable_path/Frameworks";
				PRODUCT_NAME = "$(TARGET_NAME)";
			};
			name = Release;
		};
		EAA3FE571B61EC970020CA5B /* Debug */ = {
			isa = XCBuildConfiguration;
			buildSettings = {
				BUNDLE_LOADER = "$(TEST_HOST)";
				FRAMEWORK_SEARCH_PATHS = (
					"$(SDKROOT)/Developer/Library/Frameworks",
					"$(inherited)",
				);
				GCC_PREPROCESSOR_DEFINITIONS = (
					"DEBUG=1",
					"$(inherited)",
				);
				INFOPLIST_FILE = LetsGoPlacesTests/Info.plist;
				LD_RUNPATH_SEARCH_PATHS = "$(inherited) @executable_path/Frameworks @loader_path/Frameworks";
				PRODUCT_NAME = "$(TARGET_NAME)";
				TEST_HOST = "$(BUILT_PRODUCTS_DIR)/LetsGoPlaces.app/LetsGoPlaces";
			};
			name = Debug;
		};
		EAA3FE581B61EC970020CA5B /* Release */ = {
			isa = XCBuildConfiguration;
			buildSettings = {
				BUNDLE_LOADER = "$(TEST_HOST)";
				FRAMEWORK_SEARCH_PATHS = (
					"$(SDKROOT)/Developer/Library/Frameworks",
					"$(inherited)",
				);
				INFOPLIST_FILE = LetsGoPlacesTests/Info.plist;
				LD_RUNPATH_SEARCH_PATHS = "$(inherited) @executable_path/Frameworks @loader_path/Frameworks";
				PRODUCT_NAME = "$(TARGET_NAME)";
				TEST_HOST = "$(BUILT_PRODUCTS_DIR)/LetsGoPlaces.app/LetsGoPlaces";
			};
			name = Release;
		};
/* End XCBuildConfiguration section */

/* Begin XCConfigurationList section */
		EAA3FE2B1B61EC970020CA5B /* Build configuration list for PBXProject "LetsGoPlaces" */ = {
			isa = XCConfigurationList;
			buildConfigurations = (
				EAA3FE511B61EC970020CA5B /* Debug */,
				EAA3FE521B61EC970020CA5B /* Release */,
			);
			defaultConfigurationIsVisible = 0;
			defaultConfigurationName = Release;
		};
		EAA3FE531B61EC970020CA5B /* Build configuration list for PBXNativeTarget "LetsGoPlaces" */ = {
			isa = XCConfigurationList;
			buildConfigurations = (
				EAA3FE541B61EC970020CA5B /* Debug */,
				EAA3FE551B61EC970020CA5B /* Release */,
			);
			defaultConfigurationIsVisible = 0;
			defaultConfigurationName = Release;
		};
		EAA3FE561B61EC970020CA5B /* Build configuration list for PBXNativeTarget "LetsGoPlacesTests" */ = {
			isa = XCConfigurationList;
			buildConfigurations = (
				EAA3FE571B61EC970020CA5B /* Debug */,
				EAA3FE581B61EC970020CA5B /* Release */,
			);
			defaultConfigurationIsVisible = 0;
			defaultConfigurationName = Release;
		};
/* End XCConfigurationList section */
	};
	rootObject = EAA3FE281B61EC970020CA5B /* Project object */;
}
